// !$*UTF8*$!
{
	archiveVersion = 1;
	classes = {
	};
	objectVersion = 55;
	objects = {

/* Begin PBXBuildFile section */
		AF418E3C294A334700F23F24 /* ReviewsTableVC.swift in Sources */ = {isa = PBXBuildFile; fileRef = AF418E3B294A334700F23F24 /* ReviewsTableVC.swift */; };
		AFA34EDD294A1B2600B0B817 /* MealDeatailViewController.swift in Sources */ = {isa = PBXBuildFile; fileRef = AFA34EDC294A1B2600B0B817 /* MealDeatailViewController.swift */; };
		AFA34EDF294A244300B0B817 /* FeedbackViewController.swift in Sources */ = {isa = PBXBuildFile; fileRef = AFA34EDE294A244300B0B817 /* FeedbackViewController.swift */; };
		AFF32E012949C32100DA2856 /* AppDelegate.swift in Sources */ = {isa = PBXBuildFile; fileRef = AFF32E002949C32100DA2856 /* AppDelegate.swift */; };
		AFF32E032949C32100DA2856 /* SceneDelegate.swift in Sources */ = {isa = PBXBuildFile; fileRef = AFF32E022949C32100DA2856 /* SceneDelegate.swift */; };
		AFF32E082949C32100DA2856 /* Main.storyboard in Resources */ = {isa = PBXBuildFile; fileRef = AFF32E062949C32100DA2856 /* Main.storyboard */; };
		AFF32E0A2949C32800DA2856 /* Assets.xcassets in Resources */ = {isa = PBXBuildFile; fileRef = AFF32E092949C32800DA2856 /* Assets.xcassets */; };
		AFF32E0D2949C32800DA2856 /* LaunchScreen.storyboard in Resources */ = {isa = PBXBuildFile; fileRef = AFF32E0B2949C32800DA2856 /* LaunchScreen.storyboard */; };
		AFF32E1A2949D22100DA2856 /* Meal.swift in Sources */ = {isa = PBXBuildFile; fileRef = AFF32E192949D22100DA2856 /* Meal.swift */; };
		AFF32E1C2949D2BC00DA2856 /* Feedback.swift in Sources */ = {isa = PBXBuildFile; fileRef = AFF32E1B2949D2BC00DA2856 /* Feedback.swift */; };
		AFF32E1F2949ED0F00DA2856 /* ReviewTableViewCell.swift in Sources */ = {isa = PBXBuildFile; fileRef = AFF32E1D2949ED0F00DA2856 /* ReviewTableViewCell.swift */; };
		AFF32E202949ED0F00DA2856 /* ReviewTableViewCell.xib in Resources */ = {isa = PBXBuildFile; fileRef = AFF32E1E2949ED0F00DA2856 /* ReviewTableViewCell.xib */; };
		AFF32E232949EDE300DA2856 /* MealsData.swift in Sources */ = {isa = PBXBuildFile; fileRef = AFF32E222949EDE300DA2856 /* MealsData.swift */; };
		AFF32E252949F19700DA2856 /* MealsTVC.swift in Sources */ = {isa = PBXBuildFile; fileRef = AFF32E242949F19700DA2856 /* MealsTVC.swift */; };
		AFF32E272949FD8500DA2856 /* CellManager.swift in Sources */ = {isa = PBXBuildFile; fileRef = AFF32E262949FD8500DA2856 /* CellManager.swift */; };
/* End PBXBuildFile section */

/* Begin PBXFileReference section */
		AF418E3B294A334700F23F24 /* ReviewsTableVC.swift */ = {isa = PBXFileReference; lastKnownFileType = sourcecode.swift; path = ReviewsTableVC.swift; sourceTree = "<group>"; };
		AFA34EDC294A1B2600B0B817 /* MealDeatailViewController.swift */ = {isa = PBXFileReference; lastKnownFileType = sourcecode.swift; path = MealDeatailViewController.swift; sourceTree = "<group>"; };
		AFA34EDE294A244300B0B817 /* FeedbackViewController.swift */ = {isa = PBXFileReference; lastKnownFileType = sourcecode.swift; path = FeedbackViewController.swift; sourceTree = "<group>"; };
		AFF32DFD2949C32100DA2856 /* MCApp.app */ = {isa = PBXFileReference; explicitFileType = wrapper.application; includeInIndex = 0; path = MCApp.app; sourceTree = BUILT_PRODUCTS_DIR; };
		AFF32E002949C32100DA2856 /* AppDelegate.swift */ = {isa = PBXFileReference; lastKnownFileType = sourcecode.swift; path = AppDelegate.swift; sourceTree = "<group>"; };
		AFF32E022949C32100DA2856 /* SceneDelegate.swift */ = {isa = PBXFileReference; lastKnownFileType = sourcecode.swift; path = SceneDelegate.swift; sourceTree = "<group>"; };
		AFF32E072949C32100DA2856 /* Base */ = {isa = PBXFileReference; lastKnownFileType = file.storyboard; name = Base; path = Base.lproj/Main.storyboard; sourceTree = "<group>"; };
		AFF32E092949C32800DA2856 /* Assets.xcassets */ = {isa = PBXFileReference; lastKnownFileType = folder.assetcatalog; path = Assets.xcassets; sourceTree = "<group>"; };
		AFF32E0C2949C32800DA2856 /* Base */ = {isa = PBXFileReference; lastKnownFileType = file.storyboard; name = Base; path = Base.lproj/LaunchScreen.storyboard; sourceTree = "<group>"; };
		AFF32E0E2949C32800DA2856 /* Info.plist */ = {isa = PBXFileReference; lastKnownFileType = text.plist.xml; path = Info.plist; sourceTree = "<group>"; };
		AFF32E192949D22100DA2856 /* Meal.swift */ = {isa = PBXFileReference; lastKnownFileType = sourcecode.swift; path = Meal.swift; sourceTree = "<group>"; };
		AFF32E1B2949D2BC00DA2856 /* Feedback.swift */ = {isa = PBXFileReference; lastKnownFileType = sourcecode.swift; path = Feedback.swift; sourceTree = "<group>"; };
		AFF32E1D2949ED0F00DA2856 /* ReviewTableViewCell.swift */ = {isa = PBXFileReference; lastKnownFileType = sourcecode.swift; path = ReviewTableViewCell.swift; sourceTree = "<group>"; };
		AFF32E1E2949ED0F00DA2856 /* ReviewTableViewCell.xib */ = {isa = PBXFileReference; lastKnownFileType = file.xib; path = ReviewTableViewCell.xib; sourceTree = "<group>"; };
		AFF32E222949EDE300DA2856 /* MealsData.swift */ = {isa = PBXFileReference; lastKnownFileType = sourcecode.swift; path = MealsData.swift; sourceTree = "<group>"; };
		AFF32E242949F19700DA2856 /* MealsTVC.swift */ = {isa = PBXFileReference; lastKnownFileType = sourcecode.swift; path = MealsTVC.swift; sourceTree = "<group>"; };
		AFF32E262949FD8500DA2856 /* CellManager.swift */ = {isa = PBXFileReference; lastKnownFileType = sourcecode.swift; path = CellManager.swift; sourceTree = "<group>"; };
/* End PBXFileReference section */

/* Begin PBXFrameworksBuildPhase section */
		AFF32DFA2949C32100DA2856 /* Frameworks */ = {
			isa = PBXFrameworksBuildPhase;
			buildActionMask = 2147483647;
			files = (
			);
			runOnlyForDeploymentPostprocessing = 0;
		};
/* End PBXFrameworksBuildPhase section */

/* Begin PBXGroup section */
		AFF32DF42949C32000DA2856 = {
			isa = PBXGroup;
			children = (
				AFF32DFF2949C32100DA2856 /* MCApp */,
				AFF32DFE2949C32100DA2856 /* Products */,
			);
			sourceTree = "<group>";
		};
		AFF32DFE2949C32100DA2856 /* Products */ = {
			isa = PBXGroup;
			children = (
				AFF32DFD2949C32100DA2856 /* MCApp.app */,
			);
			name = Products;
			sourceTree = "<group>";
		};
		AFF32DFF2949C32100DA2856 /* MCApp */ = {
			isa = PBXGroup;
			children = (
				AFF32E172949D16400DA2856 /* Services */,
				AFF32E162949D15C00DA2856 /* Models */,
				AFF32E152949D12F00DA2856 /* Views */,
				AFF32E182949D16A00DA2856 /* COntrollers */,
				AFF32E142949C3A300DA2856 /* Delegates */,
				AFF32E092949C32800DA2856 /* Assets.xcassets */,
				AFF32E0E2949C32800DA2856 /* Info.plist */,
			);
			path = MCApp;
			sourceTree = "<group>";
		};
		AFF32E142949C3A300DA2856 /* Delegates */ = {
			isa = PBXGroup;
			children = (
				AFF32E002949C32100DA2856 /* AppDelegate.swift */,
				AFF32E022949C32100DA2856 /* SceneDelegate.swift */,
			);
			path = Delegates;
			sourceTree = "<group>";
		};
		AFF32E152949D12F00DA2856 /* Views */ = {
			isa = PBXGroup;
			children = (
				AFF32E062949C32100DA2856 /* Main.storyboard */,
				AFF32E0B2949C32800DA2856 /* LaunchScreen.storyboard */,
				AFF32E212949ED1800DA2856 /* Review */,
			);
			path = Views;
			sourceTree = "<group>";
		};
		AFF32E162949D15C00DA2856 /* Models */ = {
			isa = PBXGroup;
			children = (
				AFF32E192949D22100DA2856 /* Meal.swift */,
				AFF32E1B2949D2BC00DA2856 /* Feedback.swift */,
			);
			path = Models;
			sourceTree = "<group>";
		};
		AFF32E172949D16400DA2856 /* Services */ = {
			isa = PBXGroup;
			children = (
				AFF32E222949EDE300DA2856 /* MealsData.swift */,
				AFF32E262949FD8500DA2856 /* CellManager.swift */,
			);
			path = Services;
			sourceTree = "<group>";
		};
		AFF32E182949D16A00DA2856 /* COntrollers */ = {
			isa = PBXGroup;
			children = (
				AFF32E242949F19700DA2856 /* MealsTVC.swift */,
				AFA34EDC294A1B2600B0B817 /* MealDeatailViewController.swift */,
				AFA34EDE294A244300B0B817 /* FeedbackViewController.swift */,
				AF418E3B294A334700F23F24 /* ReviewsTableVC.swift */,
			);
			path = COntrollers;
			sourceTree = "<group>";
		};
		AFF32E212949ED1800DA2856 /* Review */ = {
			isa = PBXGroup;
			children = (
				AFF32E1D2949ED0F00DA2856 /* ReviewTableViewCell.swift */,
				AFF32E1E2949ED0F00DA2856 /* ReviewTableViewCell.xib */,
			);
			path = Review;
			sourceTree = "<group>";
		};
/* End PBXGroup section */

/* Begin PBXNativeTarget section */
		AFF32DFC2949C32100DA2856 /* MCApp */ = {
			isa = PBXNativeTarget;
			buildConfigurationList = AFF32E112949C32800DA2856 /* Build configuration list for PBXNativeTarget "MCApp" */;
			buildPhases = (
				AFF32DF92949C32100DA2856 /* Sources */,
				AFF32DFA2949C32100DA2856 /* Frameworks */,
				AFF32DFB2949C32100DA2856 /* Resources */,
			);
			buildRules = (
			);
			dependencies = (
			);
			name = MCApp;
			productName = MCApp;
			productReference = AFF32DFD2949C32100DA2856 /* MCApp.app */;
			productType = "com.apple.product-type.application";
		};
/* End PBXNativeTarget section */

/* Begin PBXProject section */
		AFF32DF52949C32000DA2856 /* Project object */ = {
			isa = PBXProject;
			attributes = {
				BuildIndependentTargetsInParallel = 1;
				LastSwiftUpdateCheck = 1340;
				LastUpgradeCheck = 1340;
				TargetAttributes = {
					AFF32DFC2949C32100DA2856 = {
						CreatedOnToolsVersion = 13.4.1;
					};
				};
			};
			buildConfigurationList = AFF32DF82949C32000DA2856 /* Build configuration list for PBXProject "MCApp" */;
			compatibilityVersion = "Xcode 13.0";
			developmentRegion = en;
			hasScannedForEncodings = 0;
			knownRegions = (
				en,
				Base,
			);
			mainGroup = AFF32DF42949C32000DA2856;
			productRefGroup = AFF32DFE2949C32100DA2856 /* Products */;
			projectDirPath = "";
			projectRoot = "";
			targets = (
				AFF32DFC2949C32100DA2856 /* MCApp */,
			);
		};
/* End PBXProject section */

/* Begin PBXResourcesBuildPhase section */
		AFF32DFB2949C32100DA2856 /* Resources */ = {
			isa = PBXResourcesBuildPhase;
			buildActionMask = 2147483647;
			files = (
				AFF32E0D2949C32800DA2856 /* LaunchScreen.storyboard in Resources */,
				AFF32E202949ED0F00DA2856 /* ReviewTableViewCell.xib in Resources */,
				AFF32E0A2949C32800DA2856 /* Assets.xcassets in Resources */,
				AFF32E082949C32100DA2856 /* Main.storyboard in Resources */,
			);
			runOnlyForDeploymentPostprocessing = 0;
		};
/* End PBXResourcesBuildPhase section */

/* Begin PBXSourcesBuildPhase section */
		AFF32DF92949C32100DA2856 /* Sources */ = {
			isa = PBXSourcesBuildPhase;
			buildActionMask = 2147483647;
			files = (
				AFF32E012949C32100DA2856 /* AppDelegate.swift in Sources */,
				AFA34EDD294A1B2600B0B817 /* MealDeatailViewController.swift in Sources */,
				AFF32E1A2949D22100DA2856 /* Meal.swift in Sources */,
				AFA34EDF294A244300B0B817 /* FeedbackViewController.swift in Sources */,
				AFF32E1F2949ED0F00DA2856 /* ReviewTableViewCell.swift in Sources */,
				AF418E3C294A334700F23F24 /* ReviewsTableVC.swift in Sources */,
				AFF32E1C2949D2BC00DA2856 /* Feedback.swift in Sources */,
				AFF32E252949F19700DA2856 /* MealsTVC.swift in Sources */,
				AFF32E232949EDE300DA2856 /* MealsData.swift in Sources */,
				AFF32E032949C32100DA2856 /* SceneDelegate.swift in Sources */,
				AFF32E272949FD8500DA2856 /* CellManager.swift in Sources */,
			);
			runOnlyForDeploymentPostprocessing = 0;
		};
/* End PBXSourcesBuildPhase section */

/* Begin PBXVariantGroup section */
		AFF32E062949C32100DA2856 /* Main.storyboard */ = {
			isa = PBXVariantGroup;
			children = (
				AFF32E072949C32100DA2856 /* Base */,
			);
			name = Main.storyboard;
			sourceTree = "<group>";
		};
		AFF32E0B2949C32800DA2856 /* LaunchScreen.storyboard */ = {
			isa = PBXVariantGroup;
			children = (
				AFF32E0C2949C32800DA2856 /* Base */,
			);
			name = LaunchScreen.storyboard;
			sourceTree = "<group>";
		};
/* End PBXVariantGroup section */

/* Begin XCBuildConfiguration section */
		AFF32E0F2949C32800DA2856 /* Debug */ = {
			isa = XCBuildConfiguration;
			buildSettings = {
				ALWAYS_SEARCH_USER_PATHS = NO;
				CLANG_ANALYZER_NONNULL = YES;
				CLANG_ANALYZER_NUMBER_OBJECT_CONVERSION = YES_AGGRESSIVE;
				CLANG_CXX_LANGUAGE_STANDARD = "gnu++17";
				CLANG_ENABLE_MODULES = YES;
				CLANG_ENABLE_OBJC_ARC = YES;
				CLANG_ENABLE_OBJC_WEAK = YES;
				CLANG_WARN_BLOCK_CAPTURE_AUTORELEASING = YES;
				CLANG_WARN_BOOL_CONVERSION = YES;
				CLANG_WARN_COMMA = YES;
				CLANG_WARN_CONSTANT_CONVERSION = YES;
				CLANG_WARN_DEPRECATED_OBJC_IMPLEMENTATIONS = YES;
				CLANG_WARN_DIRECT_OBJC_ISA_USAGE = YES_ERROR;
				CLANG_WARN_DOCUMENTATION_COMMENTS = YES;
				CLANG_WARN_EMPTY_BODY = YES;
				CLANG_WARN_ENUM_CONVERSION = YES;
				CLANG_WARN_INFINITE_RECURSION = YES;
				CLANG_WARN_INT_CONVERSION = YES;
				CLANG_WARN_NON_LITERAL_NULL_CONVERSION = YES;
				CLANG_WARN_OBJC_IMPLICIT_RETAIN_SELF = YES;
				CLANG_WARN_OBJC_LITERAL_CONVERSION = YES;
				CLANG_WARN_OBJC_ROOT_CLASS = YES_ERROR;
				CLANG_WARN_QUOTED_INCLUDE_IN_FRAMEWORK_HEADER = YES;
				CLANG_WARN_RANGE_LOOP_ANALYSIS = YES;
				CLANG_WARN_STRICT_PROTOTYPES = YES;
				CLANG_WARN_SUSPICIOUS_MOVE = YES;
				CLANG_WARN_UNGUARDED_AVAILABILITY = YES_AGGRESSIVE;
				CLANG_WARN_UNREACHABLE_CODE = YES;
				CLANG_WARN__DUPLICATE_METHOD_MATCH = YES;
				COPY_PHASE_STRIP = NO;
				DEBUG_INFORMATION_FORMAT = dwarf;
				ENABLE_STRICT_OBJC_MSGSEND = YES;
				ENABLE_TESTABILITY = YES;
				GCC_C_LANGUAGE_STANDARD = gnu11;
				GCC_DYNAMIC_NO_PIC = NO;
				GCC_NO_COMMON_BLOCKS = YES;
				GCC_OPTIMIZATION_LEVEL = 0;
				GCC_PREPROCESSOR_DEFINITIONS = (
					"DEBUG=1",
					"$(inherited)",
				);
				GCC_WARN_64_TO_32_BIT_CONVERSION = YES;
				GCC_WARN_ABOUT_RETURN_TYPE = YES_ERROR;
				GCC_WARN_UNDECLARED_SELECTOR = YES;
				GCC_WARN_UNINITIALIZED_AUTOS = YES_AGGRESSIVE;
				GCC_WARN_UNUSED_FUNCTION = YES;
				GCC_WARN_UNUSED_VARIABLE = YES;
				IPHONEOS_DEPLOYMENT_TARGET = 15.5;
				MTL_ENABLE_DEBUG_INFO = INCLUDE_SOURCE;
				MTL_FAST_MATH = YES;
				ONLY_ACTIVE_ARCH = YES;
				SDKROOT = iphoneos;
				SWIFT_ACTIVE_COMPILATION_CONDITIONS = DEBUG;
				SWIFT_OPTIMIZATION_LEVEL = "-Onone";
			};
			name = Debug;
		};
		AFF32E102949C32800DA2856 /* Release */ = {
			isa = XCBuildConfiguration;
			buildSettings = {
				ALWAYS_SEARCH_USER_PATHS = NO;
				CLANG_ANALYZER_NONNULL = YES;
				CLANG_ANALYZER_NUMBER_OBJECT_CONVERSION = YES_AGGRESSIVE;
				CLANG_CXX_LANGUAGE_STANDARD = "gnu++17";
				CLANG_ENABLE_MODULES = YES;
				CLANG_ENABLE_OBJC_ARC = YES;
				CLANG_ENABLE_OBJC_WEAK = YES;
				CLANG_WARN_BLOCK_CAPTURE_AUTORELEASING = YES;
				CLANG_WARN_BOOL_CONVERSION = YES;
				CLANG_WARN_COMMA = YES;
				CLANG_WARN_CONSTANT_CONVERSION = YES;
				CLANG_WARN_DEPRECATED_OBJC_IMPLEMENTATIONS = YES;
				CLANG_WARN_DIRECT_OBJC_ISA_USAGE = YES_ERROR;
				CLANG_WARN_DOCUMENTATION_COMMENTS = YES;
				CLANG_WARN_EMPTY_BODY = YES;
				CLANG_WARN_ENUM_CONVERSION = YES;
				CLANG_WARN_INFINITE_RECURSION = YES;
				CLANG_WARN_INT_CONVERSION = YES;
				CLANG_WARN_NON_LITERAL_NULL_CONVERSION = YES;
				CLANG_WARN_OBJC_IMPLICIT_RETAIN_SELF = YES;
				CLANG_WARN_OBJC_LITERAL_CONVERSION = YES;
				CLANG_WARN_OBJC_ROOT_CLASS = YES_ERROR;
				CLANG_WARN_QUOTED_INCLUDE_IN_FRAMEWORK_HEADER = YES;
				CLANG_WARN_RANGE_LOOP_ANALYSIS = YES;
				CLANG_WARN_STRICT_PROTOTYPES = YES;
				CLANG_WARN_SUSPICIOUS_MOVE = YES;
				CLANG_WARN_UNGUARDED_AVAILABILITY = YES_AGGRESSIVE;
				CLANG_WARN_UNREACHABLE_CODE = YES;
				CLANG_WARN__DUPLICATE_METHOD_MATCH = YES;
				COPY_PHASE_STRIP = NO;
				DEBUG_INFORMATION_FORMAT = "dwarf-with-dsym";
				ENABLE_NS_ASSERTIONS = NO;
				ENABLE_STRICT_OBJC_MSGSEND = YES;
				GCC_C_LANGUAGE_STANDARD = gnu11;
				GCC_NO_COMMON_BLOCKS = YES;
				GCC_WARN_64_TO_32_BIT_CONVERSION = YES;
				GCC_WARN_ABOUT_RETURN_TYPE = YES_ERROR;
				GCC_WARN_UNDECLARED_SELECTOR = YES;
				GCC_WARN_UNINITIALIZED_AUTOS = YES_AGGRESSIVE;
				GCC_WARN_UNUSED_FUNCTION = YES;
				GCC_WARN_UNUSED_VARIABLE = YES;
				IPHONEOS_DEPLOYMENT_TARGET = 15.5;
				MTL_ENABLE_DEBUG_INFO = NO;
				MTL_FAST_MATH = YES;
				SDKROOT = iphoneos;
				SWIFT_COMPILATION_MODE = wholemodule;
				SWIFT_OPTIMIZATION_LEVEL = "-O";
				VALIDATE_PRODUCT = YES;
			};
			name = Release;
		};
		AFF32E122949C32800DA2856 /* Debug */ = {
			isa = XCBuildConfiguration;
			buildSettings = {
				ASSETCATALOG_COMPILER_APPICON_NAME = AppIcon;
				ASSETCATALOG_COMPILER_GLOBAL_ACCENT_COLOR_NAME = AccentColor;
				CODE_SIGN_STYLE = Automatic;
				CURRENT_PROJECT_VERSION = 1;
				DEVELOPMENT_TEAM = JQSUXNGVC5;
				GENERATE_INFOPLIST_FILE = YES;
				INFOPLIST_FILE = MCApp/Info.plist;
				INFOPLIST_KEY_UIApplicationSupportsIndirectInputEvents = YES;
				INFOPLIST_KEY_UILaunchStoryboardName = LaunchScreen;
				INFOPLIST_KEY_UIMainStoryboardFile = Main;
				INFOPLIST_KEY_UISupportedInterfaceOrientations = "UIInterfaceOrientationPortrait UIInterfaceOrientationPortraitUpsideDown UIInterfaceOrientationLandscapeLeft UIInterfaceOrientationLandscapeRight";
				INFOPLIST_KEY_UISupportedInterfaceOrientations_iPad = "UIInterfaceOrientationPortrait UIInterfaceOrientationPortraitUpsideDown UIInterfaceOrientationLandscapeLeft UIInterfaceOrientationLandscapeRight";
				INFOPLIST_KEY_UISupportedInterfaceOrientations_iPhone = "UIInterfaceOrientationPortrait UIInterfaceOrientationLandscapeLeft UIInterfaceOrientationLandscapeRight";
				LD_RUNPATH_SEARCH_PATHS = (
					"$(inherited)",
					"@executable_path/Frameworks",
				);
				MARKETING_VERSION = 1.0;
				PRODUCT_BUNDLE_IDENTIFIER = EugeneZabrodski.MCApp;
				PRODUCT_NAME = "$(TARGET_NAME)";
				SWIFT_EMIT_LOC_STRINGS = YES;
				SWIFT_VERSION = 5.0;
				TARGETED_DEVICE_FAMILY = 1;
			};
			name = Debug;
		};
		AFF32E132949C32800DA2856 /* Release */ = {
			isa = XCBuildConfiguration;
			buildSettings = {
				ASSETCATALOG_COMPILER_APPICON_NAME = AppIcon;
				ASSETCATALOG_COMPILER_GLOBAL_ACCENT_COLOR_NAME = AccentColor;
				CODE_SIGN_STYLE = Automatic;
				CURRENT_PROJECT_VERSION = 1;
				DEVELOPMENT_TEAM = JQSUXNGVC5;
				GENERATE_INFOPLIST_FILE = YES;
				INFOPLIST_FILE = MCApp/Info.plist;
				INFOPLIST_KEY_UIApplicationSupportsIndirectInputEvents = YES;
				INFOPLIST_KEY_UILaunchStoryboardName = LaunchScreen;
				INFOPLIST_KEY_UIMainStoryboardFile = Main;
				INFOPLIST_KEY_UISupportedInterfaceOrientations = "UIInterfaceOrientationPortrait UIInterfaceOrientationPortraitUpsideDown UIInterfaceOrientationLandscapeLeft UIInterfaceOrientationLandscapeRight";
				INFOPLIST_KEY_UISupportedInterfaceOrientations_iPad = "UIInterfaceOrientationPortrait UIInterfaceOrientationPortraitUpsideDown UIInterfaceOrientationLandscapeLeft UIInterfaceOrientationLandscapeRight";
				INFOPLIST_KEY_UISupportedInterfaceOrientations_iPhone = "UIInterfaceOrientationPortrait UIInterfaceOrientationLandscapeLeft UIInterfaceOrientationLandscapeRight";
				LD_RUNPATH_SEARCH_PATHS = (
					"$(inherited)",
					"@executable_path/Frameworks",
				);
				MARKETING_VERSION = 1.0;
				PRODUCT_BUNDLE_IDENTIFIER = EugeneZabrodski.MCApp;
				PRODUCT_NAME = "$(TARGET_NAME)";
				SWIFT_EMIT_LOC_STRINGS = YES;
				SWIFT_VERSION = 5.0;
				TARGETED_DEVICE_FAMILY = 1;
			};
			name = Release;
		};
/* End XCBuildConfiguration section */

/* Begin XCConfigurationList section */
		AFF32DF82949C32000DA2856 /* Build configuration list for PBXProject "MCApp" */ = {
			isa = XCConfigurationList;
			buildConfigurations = (
				AFF32E0F2949C32800DA2856 /* Debug */,
				AFF32E102949C32800DA2856 /* Release */,
			);
			defaultConfigurationIsVisible = 0;
			defaultConfigurationName = Release;
		};
		AFF32E112949C32800DA2856 /* Build configuration list for PBXNativeTarget "MCApp" */ = {
			isa = XCConfigurationList;
			buildConfigurations = (
				AFF32E122949C32800DA2856 /* Debug */,
				AFF32E132949C32800DA2856 /* Release */,
			);
			defaultConfigurationIsVisible = 0;
			defaultConfigurationName = Release;
		};
/* End XCConfigurationList section */
	};
	rootObject = AFF32DF52949C32000DA2856 /* Project object */;
}
